
Microsoft Visual Studio Solution File, Format Version 12.00
# Visual Studio Version 17
VisualStudioVersion = 17.14.36414.22
MinimumVisualStudioVersion = 10.0.40219.1
Project("{FAE04EC0-301F-11D3-BF4B-00C04F79EFBC}") = "Csharp_LearningExamples", "Csharp_LearningExamples.csproj", "{B51BD93A-91C9-47A8-8CC3-35A3EA23F62B}"
EndProject
Project("{2150E333-8FDC-42A3-9474-1A3956D46DE8}") = "委托_原型函数指针", "委托_原型函数指针", "{02EA681E-C7D8-13C7-8484-4AC65E1B71E8}"
EndProject
Project("{FAE04EC0-301F-11D3-BF4B-00C04F79EFBC}") = "delegate_example", "..\delegate_example\delegate_example.csproj", "{48460DEF-B8C3-45F5-8252-1E7487830212}"
EndProject
Project("{8BC9CEB8-8B4A-11D0-8D11-00A0C91BC942}") = "函数指针", "..\函数指针\函数指针.vcxproj", "{DD9B924A-2332-4970-BCD0-A02DAC0C6F55}"
EndProject
Project("{2150E333-8FDC-42A3-9474-1A3956D46DE8}") = "委托是一个类", "委托是一个类", "{9C12C83C-FE72-4AD3-A894-7072D1F023A7}"
EndProject
Project("{FAE04EC0-301F-11D3-BF4B-00C04F79EFBC}") = "ConsoleApp3", "..\ConsoleApp3\ConsoleApp3.csproj", "{0CD92339-715C-49F4-9410-12A65AD447BB}"
EndProject
Project("{2150E333-8FDC-42A3-9474-1A3956D46DE8}") = "自定义委托", "自定义委托", "{76D0E27B-D96B-4346-BEC6-4331B947851F}"
EndProject
Project("{FAE04EC0-301F-11D3-BF4B-00C04F79EFBC}") = "DelegateExample", "..\DelegateExample\DelegateExample.csproj", "{BE09D934-2DB4-44BF-B455-D94539FF01F4}"
EndProject
Project("{2150E333-8FDC-42A3-9474-1A3956D46DE8}") = "委托的两种用法", "委托的两种用法", "{274A938B-79D0-4808-8BF3-2B527F13095E}"
	ProjectSection(SolutionItems) = preProject
		TextFile1.txt = TextFile1.txt
	EndProjectSection
EndProject
Project("{FAE04EC0-301F-11D3-BF4B-00C04F79EFBC}") = "DelegateUsage_Templete", "..\DelegateUsage1\DelegateUsage_Templete.csproj", "{8A6D459C-1FEF-4B31-B014-D818E66F33CD}"
EndProject
Project("{FAE04EC0-301F-11D3-BF4B-00C04F79EFBC}") = "DelegateUsage_Callback", "..\DelegateUsage_Callback\DelegateUsage_Callback.csproj", "{95A088E0-B144-49A4-A310-166D30847D27}"
EndProject
Project("{2150E333-8FDC-42A3-9474-1A3956D46DE8}") = "委托的高级使用", "委托的高级使用", "{18E011FB-32D4-4847-BE9E-D16006AEAD1D}"
EndProject
Project("{FAE04EC0-301F-11D3-BF4B-00C04F79EFBC}") = "MulticastDelegateExample", "..\MulticastDelegateExample\MulticastDelegateExample.csproj", "{65B1695E-5915-4831-BA0D-44EA6D83C6AF}"
EndProject
Project("{FAE04EC0-301F-11D3-BF4B-00C04F79EFBC}") = "Delegate_Synchronous", "..\Delegate_Synchronous\Delegate_Synchronous.csproj", "{973AEC99-2358-4ABA-8EF2-AB9FC3352EC1}"
EndProject
Project("{FAE04EC0-301F-11D3-BF4B-00C04F79EFBC}") = "Delegate_asynchronous", "..\Delegate_asynchronous\Delegate_asynchronous.csproj", "{654835B3-3BB7-412D-A096-1F0FFFEA1C9E}"
EndProject
Project("{2150E333-8FDC-42A3-9474-1A3956D46DE8}") = "接口替代委托", "接口替代委托", "{D4986480-CF68-460A-B730-9045CFF84C95}"
EndProject
Project("{FAE04EC0-301F-11D3-BF4B-00C04F79EFBC}") = "InterfaceExample", "..\InterfaceExample\InterfaceExample.csproj", "{59709680-04BF-4785-8845-2D44DB050E82}"
EndProject
Project("{2150E333-8FDC-42A3-9474-1A3956D46DE8}") = "事件", "事件", "{119AB29F-25B7-4A22-86E8-FEEB5003C71F}"
EndProject
Project("{2150E333-8FDC-42A3-9474-1A3956D46DE8}") = "委托", "委托", "{227CE052-B3BF-441E-B723-326D008A0C81}"
EndProject
Project("{2150E333-8FDC-42A3-9474-1A3956D46DE8}") = "事件完整声明", "事件完整声明", "{BA3EA0CC-E40A-43A3-BCED-2B881B3E5C74}"
EndProject
Project("{FAE04EC0-301F-11D3-BF4B-00C04F79EFBC}") = "EventExample", "..\EventExample\EventExample.csproj", "{999DED08-0754-4FA7-9A9C-E057CF2F7BFC}"
EndProject
Project("{2150E333-8FDC-42A3-9474-1A3956D46DE8}") = "事件的简化声明", "事件的简化声明", "{38F9886F-86E6-406F-8727-2C97DE49E700}"
EndProject
Project("{FAE04EC0-301F-11D3-BF4B-00C04F79EFBC}") = "EventCompletionStatement", "..\EventCompletionStatement\EventCompletionStatement.csproj", "{5903059B-98AD-41C8-B336-C2E7FC4F9197}"
EndProject
Project("{2150E333-8FDC-42A3-9474-1A3956D46DE8}") = "不安全的调用方式", "不安全的调用方式", "{F97343BE-23B0-4B55-9610-6274BD0FFBCC}"
EndProject
Project("{FAE04EC0-301F-11D3-BF4B-00C04F79EFBC}") = "ConsoleApp5", "..\ConsoleApp5\ConsoleApp5.csproj", "{E1BC895E-761C-4F8D-A1B1-A19E9C37BFB6}"
EndProject
Project("{2150E333-8FDC-42A3-9474-1A3956D46DE8}") = "使用默认的EventHandler", "使用默认的EventHandler", "{3D67F1E7-1399-4A96-9085-E7489D88D973}"
EndProject
Project("{FAE04EC0-301F-11D3-BF4B-00C04F79EFBC}") = "ConsoleApp6", "..\ConsoleApp6\ConsoleApp6.csproj", "{07B9F1A8-1415-48CA-A0BC-3206DB6CE6EF}"
EndProject
Global
	GlobalSection(SolutionConfigurationPlatforms) = preSolution
		Debug|Any CPU = Debug|Any CPU
		Debug|x64 = Debug|x64
		Debug|x86 = Debug|x86
		Release|Any CPU = Release|Any CPU
		Release|x64 = Release|x64
		Release|x86 = Release|x86
	EndGlobalSection
	GlobalSection(ProjectConfigurationPlatforms) = postSolution
		{B51BD93A-91C9-47A8-8CC3-35A3EA23F62B}.Debug|Any CPU.ActiveCfg = Debug|Any CPU
		{B51BD93A-91C9-47A8-8CC3-35A3EA23F62B}.Debug|Any CPU.Build.0 = Debug|Any CPU
		{B51BD93A-91C9-47A8-8CC3-35A3EA23F62B}.Debug|x64.ActiveCfg = Debug|Any CPU
		{B51BD93A-91C9-47A8-8CC3-35A3EA23F62B}.Debug|x64.Build.0 = Debug|Any CPU
		{B51BD93A-91C9-47A8-8CC3-35A3EA23F62B}.Debug|x86.ActiveCfg = Debug|Any CPU
		{B51BD93A-91C9-47A8-8CC3-35A3EA23F62B}.Debug|x86.Build.0 = Debug|Any CPU
		{B51BD93A-91C9-47A8-8CC3-35A3EA23F62B}.Release|Any CPU.ActiveCfg = Release|Any CPU
		{B51BD93A-91C9-47A8-8CC3-35A3EA23F62B}.Release|Any CPU.Build.0 = Release|Any CPU
		{B51BD93A-91C9-47A8-8CC3-35A3EA23F62B}.Release|x64.ActiveCfg = Release|Any CPU
		{B51BD93A-91C9-47A8-8CC3-35A3EA23F62B}.Release|x64.Build.0 = Release|Any CPU
		{B51BD93A-91C9-47A8-8CC3-35A3EA23F62B}.Release|x86.ActiveCfg = Release|Any CPU
		{B51BD93A-91C9-47A8-8CC3-35A3EA23F62B}.Release|x86.Build.0 = Release|Any CPU
		{48460DEF-B8C3-45F5-8252-1E7487830212}.Debug|Any CPU.ActiveCfg = Debug|Any CPU
		{48460DEF-B8C3-45F5-8252-1E7487830212}.Debug|Any CPU.Build.0 = Debug|Any CPU
		{48460DEF-B8C3-45F5-8252-1E7487830212}.Debug|x64.ActiveCfg = Debug|Any CPU
		{48460DEF-B8C3-45F5-8252-1E7487830212}.Debug|x64.Build.0 = Debug|Any CPU
		{48460DEF-B8C3-45F5-8252-1E7487830212}.Debug|x86.ActiveCfg = Debug|Any CPU
		{48460DEF-B8C3-45F5-8252-1E7487830212}.Debug|x86.Build.0 = Debug|Any CPU
		{48460DEF-B8C3-45F5-8252-1E7487830212}.Release|Any CPU.ActiveCfg = Release|Any CPU
		{48460DEF-B8C3-45F5-8252-1E7487830212}.Release|Any CPU.Build.0 = Release|Any CPU
		{48460DEF-B8C3-45F5-8252-1E7487830212}.Release|x64.ActiveCfg = Release|Any CPU
		{48460DEF-B8C3-45F5-8252-1E7487830212}.Release|x64.Build.0 = Release|Any CPU
		{48460DEF-B8C3-45F5-8252-1E7487830212}.Release|x86.ActiveCfg = Release|Any CPU
		{48460DEF-B8C3-45F5-8252-1E7487830212}.Release|x86.Build.0 = Release|Any CPU
		{DD9B924A-2332-4970-BCD0-A02DAC0C6F55}.Debug|Any CPU.ActiveCfg = Debug|x64
		{DD9B924A-2332-4970-BCD0-A02DAC0C6F55}.Debug|Any CPU.Build.0 = Debug|x64
		{DD9B924A-2332-4970-BCD0-A02DAC0C6F55}.Debug|x64.ActiveCfg = Debug|x64
		{DD9B924A-2332-4970-BCD0-A02DAC0C6F55}.Debug|x64.Build.0 = Debug|x64
		{DD9B924A-2332-4970-BCD0-A02DAC0C6F55}.Debug|x86.ActiveCfg = Debug|Win32
		{DD9B924A-2332-4970-BCD0-A02DAC0C6F55}.Debug|x86.Build.0 = Debug|Win32
		{DD9B924A-2332-4970-BCD0-A02DAC0C6F55}.Release|Any CPU.ActiveCfg = Release|x64
		{DD9B924A-2332-4970-BCD0-A02DAC0C6F55}.Release|Any CPU.Build.0 = Release|x64
		{DD9B924A-2332-4970-BCD0-A02DAC0C6F55}.Release|x64.ActiveCfg = Release|x64
		{DD9B924A-2332-4970-BCD0-A02DAC0C6F55}.Release|x64.Build.0 = Release|x64
		{DD9B924A-2332-4970-BCD0-A02DAC0C6F55}.Release|x86.ActiveCfg = Release|Win32
		{DD9B924A-2332-4970-BCD0-A02DAC0C6F55}.Release|x86.Build.0 = Release|Win32
		{0CD92339-715C-49F4-9410-12A65AD447BB}.Debug|Any CPU.ActiveCfg = Debug|Any CPU
		{0CD92339-715C-49F4-9410-12A65AD447BB}.Debug|Any CPU.Build.0 = Debug|Any CPU
		{0CD92339-715C-49F4-9410-12A65AD447BB}.Debug|x64.ActiveCfg = Debug|Any CPU
		{0CD92339-715C-49F4-9410-12A65AD447BB}.Debug|x64.Build.0 = Debug|Any CPU
		{0CD92339-715C-49F4-9410-12A65AD447BB}.Debug|x86.ActiveCfg = Debug|Any CPU
		{0CD92339-715C-49F4-9410-12A65AD447BB}.Debug|x86.Build.0 = Debug|Any CPU
		{0CD92339-715C-49F4-9410-12A65AD447BB}.Release|Any CPU.ActiveCfg = Release|Any CPU
		{0CD92339-715C-49F4-9410-12A65AD447BB}.Release|Any CPU.Build.0 = Release|Any CPU
		{0CD92339-715C-49F4-9410-12A65AD447BB}.Release|x64.ActiveCfg = Release|Any CPU
		{0CD92339-715C-49F4-9410-12A65AD447BB}.Release|x64.Build.0 = Release|Any CPU
		{0CD92339-715C-49F4-9410-12A65AD447BB}.Release|x86.ActiveCfg = Release|Any CPU
		{0CD92339-715C-49F4-9410-12A65AD447BB}.Release|x86.Build.0 = Release|Any CPU
		{BE09D934-2DB4-44BF-B455-D94539FF01F4}.Debug|Any CPU.ActiveCfg = Debug|Any CPU
		{BE09D934-2DB4-44BF-B455-D94539FF01F4}.Debug|Any CPU.Build.0 = Debug|Any CPU
		{BE09D934-2DB4-44BF-B455-D94539FF01F4}.Debug|x64.ActiveCfg = Debug|Any CPU
		{BE09D934-2DB4-44BF-B455-D94539FF01F4}.Debug|x64.Build.0 = Debug|Any CPU
		{BE09D934-2DB4-44BF-B455-D94539FF01F4}.Debug|x86.ActiveCfg = Debug|Any CPU
		{BE09D934-2DB4-44BF-B455-D94539FF01F4}.Debug|x86.Build.0 = Debug|Any CPU
		{BE09D934-2DB4-44BF-B455-D94539FF01F4}.Release|Any CPU.ActiveCfg = Release|Any CPU
		{BE09D934-2DB4-44BF-B455-D94539FF01F4}.Release|Any CPU.Build.0 = Release|Any CPU
		{BE09D934-2DB4-44BF-B455-D94539FF01F4}.Release|x64.ActiveCfg = Release|Any CPU
		{BE09D934-2DB4-44BF-B455-D94539FF01F4}.Release|x64.Build.0 = Release|Any CPU
		{BE09D934-2DB4-44BF-B455-D94539FF01F4}.Release|x86.ActiveCfg = Release|Any CPU
		{BE09D934-2DB4-44BF-B455-D94539FF01F4}.Release|x86.Build.0 = Release|Any CPU
		{8A6D459C-1FEF-4B31-B014-D818E66F33CD}.Debug|Any CPU.ActiveCfg = Debug|Any CPU
		{8A6D459C-1FEF-4B31-B014-D818E66F33CD}.Debug|Any CPU.Build.0 = Debug|Any CPU
		{8A6D459C-1FEF-4B31-B014-D818E66F33CD}.Debug|x64.ActiveCfg = Debug|Any CPU
		{8A6D459C-1FEF-4B31-B014-D818E66F33CD}.Debug|x64.Build.0 = Debug|Any CPU
		{8A6D459C-1FEF-4B31-B014-D818E66F33CD}.Debug|x86.ActiveCfg = Debug|Any CPU
		{8A6D459C-1FEF-4B31-B014-D818E66F33CD}.Debug|x86.Build.0 = Debug|Any CPU
		{8A6D459C-1FEF-4B31-B014-D818E66F33CD}.Release|Any CPU.ActiveCfg = Release|Any CPU
		{8A6D459C-1FEF-4B31-B014-D818E66F33CD}.Release|Any CPU.Build.0 = Release|Any CPU
		{8A6D459C-1FEF-4B31-B014-D818E66F33CD}.Release|x64.ActiveCfg = Release|Any CPU
		{8A6D459C-1FEF-4B31-B014-D818E66F33CD}.Release|x64.Build.0 = Release|Any CPU
		{8A6D459C-1FEF-4B31-B014-D818E66F33CD}.Release|x86.ActiveCfg = Release|Any CPU
		{8A6D459C-1FEF-4B31-B014-D818E66F33CD}.Release|x86.Build.0 = Release|Any CPU
		{95A088E0-B144-49A4-A310-166D30847D27}.Debug|Any CPU.ActiveCfg = Debug|Any CPU
		{95A088E0-B144-49A4-A310-166D30847D27}.Debug|Any CPU.Build.0 = Debug|Any CPU
		{95A088E0-B144-49A4-A310-166D30847D27}.Debug|x64.ActiveCfg = Debug|Any CPU
		{95A088E0-B144-49A4-A310-166D30847D27}.Debug|x64.Build.0 = Debug|Any CPU
		{95A088E0-B144-49A4-A310-166D30847D27}.Debug|x86.ActiveCfg = Debug|Any CPU
		{95A088E0-B144-49A4-A310-166D30847D27}.Debug|x86.Build.0 = Debug|Any CPU
		{95A088E0-B144-49A4-A310-166D30847D27}.Release|Any CPU.ActiveCfg = Release|Any CPU
		{95A088E0-B144-49A4-A310-166D30847D27}.Release|Any CPU.Build.0 = Release|Any CPU
		{95A088E0-B144-49A4-A310-166D30847D27}.Release|x64.ActiveCfg = Release|Any CPU
		{95A088E0-B144-49A4-A310-166D30847D27}.Release|x64.Build.0 = Release|Any CPU
		{95A088E0-B144-49A4-A310-166D30847D27}.Release|x86.ActiveCfg = Release|Any CPU
		{95A088E0-B144-49A4-A310-166D30847D27}.Release|x86.Build.0 = Release|Any CPU
		{65B1695E-5915-4831-BA0D-44EA6D83C6AF}.Debug|Any CPU.ActiveCfg = Debug|Any CPU
		{65B1695E-5915-4831-BA0D-44EA6D83C6AF}.Debug|Any CPU.Build.0 = Debug|Any CPU
		{65B1695E-5915-4831-BA0D-44EA6D83C6AF}.Debug|x64.ActiveCfg = Debug|Any CPU
		{65B1695E-5915-4831-BA0D-44EA6D83C6AF}.Debug|x64.Build.0 = Debug|Any CPU
		{65B1695E-5915-4831-BA0D-44EA6D83C6AF}.Debug|x86.ActiveCfg = Debug|Any CPU
		{65B1695E-5915-4831-BA0D-44EA6D83C6AF}.Debug|x86.Build.0 = Debug|Any CPU
		{65B1695E-5915-4831-BA0D-44EA6D83C6AF}.Release|Any CPU.ActiveCfg = Release|Any CPU
		{65B1695E-5915-4831-BA0D-44EA6D83C6AF}.Release|Any CPU.Build.0 = Release|Any CPU
		{65B1695E-5915-4831-BA0D-44EA6D83C6AF}.Release|x64.ActiveCfg = Release|Any CPU
		{65B1695E-5915-4831-BA0D-44EA6D83C6AF}.Release|x64.Build.0 = Release|Any CPU
		{65B1695E-5915-4831-BA0D-44EA6D83C6AF}.Release|x86.ActiveCfg = Release|Any CPU
		{65B1695E-5915-4831-BA0D-44EA6D83C6AF}.Release|x86.Build.0 = Release|Any CPU
		{973AEC99-2358-4ABA-8EF2-AB9FC3352EC1}.Debug|Any CPU.ActiveCfg = Debug|Any CPU
		{973AEC99-2358-4ABA-8EF2-AB9FC3352EC1}.Debug|Any CPU.Build.0 = Debug|Any CPU
		{973AEC99-2358-4ABA-8EF2-AB9FC3352EC1}.Debug|x64.ActiveCfg = Debug|Any CPU
		{973AEC99-2358-4ABA-8EF2-AB9FC3352EC1}.Debug|x64.Build.0 = Debug|Any CPU
		{973AEC99-2358-4ABA-8EF2-AB9FC3352EC1}.Debug|x86.ActiveCfg = Debug|Any CPU
		{973AEC99-2358-4ABA-8EF2-AB9FC3352EC1}.Debug|x86.Build.0 = Debug|Any CPU
		{973AEC99-2358-4ABA-8EF2-AB9FC3352EC1}.Release|Any CPU.ActiveCfg = Release|Any CPU
		{973AEC99-2358-4ABA-8EF2-AB9FC3352EC1}.Release|Any CPU.Build.0 = Release|Any CPU
		{973AEC99-2358-4ABA-8EF2-AB9FC3352EC1}.Release|x64.ActiveCfg = Release|Any CPU
		{973AEC99-2358-4ABA-8EF2-AB9FC3352EC1}.Release|x64.Build.0 = Release|Any CPU
		{973AEC99-2358-4ABA-8EF2-AB9FC3352EC1}.Release|x86.ActiveCfg = Release|Any CPU
		{973AEC99-2358-4ABA-8EF2-AB9FC3352EC1}.Release|x86.Build.0 = Release|Any CPU
		{654835B3-3BB7-412D-A096-1F0FFFEA1C9E}.Debug|Any CPU.ActiveCfg = Debug|Any CPU
		{654835B3-3BB7-412D-A096-1F0FFFEA1C9E}.Debug|Any CPU.Build.0 = Debug|Any CPU
		{654835B3-3BB7-412D-A096-1F0FFFEA1C9E}.Debug|x64.ActiveCfg = Debug|Any CPU
		{654835B3-3BB7-412D-A096-1F0FFFEA1C9E}.Debug|x64.Build.0 = Debug|Any CPU
		{654835B3-3BB7-412D-A096-1F0FFFEA1C9E}.Debug|x86.ActiveCfg = Debug|Any CPU
		{654835B3-3BB7-412D-A096-1F0FFFEA1C9E}.Debug|x86.Build.0 = Debug|Any CPU
		{654835B3-3BB7-412D-A096-1F0FFFEA1C9E}.Release|Any CPU.ActiveCfg = Release|Any CPU
		{654835B3-3BB7-412D-A096-1F0FFFEA1C9E}.Release|Any CPU.Build.0 = Release|Any CPU
		{654835B3-3BB7-412D-A096-1F0FFFEA1C9E}.Release|x64.ActiveCfg = Release|Any CPU
		{654835B3-3BB7-412D-A096-1F0FFFEA1C9E}.Release|x64.Build.0 = Release|Any CPU
		{654835B3-3BB7-412D-A096-1F0FFFEA1C9E}.Release|x86.ActiveCfg = Release|Any CPU
		{654835B3-3BB7-412D-A096-1F0FFFEA1C9E}.Release|x86.Build.0 = Release|Any CPU
		{59709680-04BF-4785-8845-2D44DB050E82}.Debug|Any CPU.ActiveCfg = Debug|Any CPU
		{59709680-04BF-4785-8845-2D44DB050E82}.Debug|Any CPU.Build.0 = Debug|Any CPU
		{59709680-04BF-4785-8845-2D44DB050E82}.Debug|x64.ActiveCfg = Debug|Any CPU
		{59709680-04BF-4785-8845-2D44DB050E82}.Debug|x64.Build.0 = Debug|Any CPU
		{59709680-04BF-4785-8845-2D44DB050E82}.Debug|x86.ActiveCfg = Debug|Any CPU
		{59709680-04BF-4785-8845-2D44DB050E82}.Debug|x86.Build.0 = Debug|Any CPU
		{59709680-04BF-4785-8845-2D44DB050E82}.Release|Any CPU.ActiveCfg = Release|Any CPU
		{59709680-04BF-4785-8845-2D44DB050E82}.Release|Any CPU.Build.0 = Release|Any CPU
		{59709680-04BF-4785-8845-2D44DB050E82}.Release|x64.ActiveCfg = Release|Any CPU
		{59709680-04BF-4785-8845-2D44DB050E82}.Release|x64.Build.0 = Release|Any CPU
		{59709680-04BF-4785-8845-2D44DB050E82}.Release|x86.ActiveCfg = Release|Any CPU
		{59709680-04BF-4785-8845-2D44DB050E82}.Release|x86.Build.0 = Release|Any CPU
		{999DED08-0754-4FA7-9A9C-E057CF2F7BFC}.Debug|Any CPU.ActiveCfg = Debug|Any CPU
		{999DED08-0754-4FA7-9A9C-E057CF2F7BFC}.Debug|Any CPU.Build.0 = Debug|Any CPU
		{999DED08-0754-4FA7-9A9C-E057CF2F7BFC}.Debug|x64.ActiveCfg = Debug|Any CPU
		{999DED08-0754-4FA7-9A9C-E057CF2F7BFC}.Debug|x64.Build.0 = Debug|Any CPU
		{999DED08-0754-4FA7-9A9C-E057CF2F7BFC}.Debug|x86.ActiveCfg = Debug|Any CPU
		{999DED08-0754-4FA7-9A9C-E057CF2F7BFC}.Debug|x86.Build.0 = Debug|Any CPU
		{999DED08-0754-4FA7-9A9C-E057CF2F7BFC}.Release|Any CPU.ActiveCfg = Release|Any CPU
		{999DED08-0754-4FA7-9A9C-E057CF2F7BFC}.Release|Any CPU.Build.0 = Release|Any CPU
		{999DED08-0754-4FA7-9A9C-E057CF2F7BFC}.Release|x64.ActiveCfg = Release|Any CPU
		{999DED08-0754-4FA7-9A9C-E057CF2F7BFC}.Release|x64.Build.0 = Release|Any CPU
		{999DED08-0754-4FA7-9A9C-E057CF2F7BFC}.Release|x86.ActiveCfg = Release|Any CPU
		{999DED08-0754-4FA7-9A9C-E057CF2F7BFC}.Release|x86.Build.0 = Release|Any CPU
		{5903059B-98AD-41C8-B336-C2E7FC4F9197}.Debug|Any CPU.ActiveCfg = Debug|Any CPU
		{5903059B-98AD-41C8-B336-C2E7FC4F9197}.Debug|Any CPU.Build.0 = Debug|Any CPU
		{5903059B-98AD-41C8-B336-C2E7FC4F9197}.Debug|x64.ActiveCfg = Debug|Any CPU
		{5903059B-98AD-41C8-B336-C2E7FC4F9197}.Debug|x64.Build.0 = Debug|Any CPU
		{5903059B-98AD-41C8-B336-C2E7FC4F9197}.Debug|x86.ActiveCfg = Debug|Any CPU
		{5903059B-98AD-41C8-B336-C2E7FC4F9197}.Debug|x86.Build.0 = Debug|Any CPU
		{5903059B-98AD-41C8-B336-C2E7FC4F9197}.Release|Any CPU.ActiveCfg = Release|Any CPU
		{5903059B-98AD-41C8-B336-C2E7FC4F9197}.Release|Any CPU.Build.0 = Release|Any CPU
		{5903059B-98AD-41C8-B336-C2E7FC4F9197}.Release|x64.ActiveCfg = Release|Any CPU
		{5903059B-98AD-41C8-B336-C2E7FC4F9197}.Release|x64.Build.0 = Release|Any CPU
		{5903059B-98AD-41C8-B336-C2E7FC4F9197}.Release|x86.ActiveCfg = Release|Any CPU
		{5903059B-98AD-41C8-B336-C2E7FC4F9197}.Release|x86.Build.0 = Release|Any CPU
		{E1BC895E-761C-4F8D-A1B1-A19E9C37BFB6}.Debug|Any CPU.ActiveCfg = Debug|Any CPU
		{E1BC895E-761C-4F8D-A1B1-A19E9C37BFB6}.Debug|Any CPU.Build.0 = Debug|Any CPU
		{E1BC895E-761C-4F8D-A1B1-A19E9C37BFB6}.Debug|x64.ActiveCfg = Debug|Any CPU
		{E1BC895E-761C-4F8D-A1B1-A19E9C37BFB6}.Debug|x64.Build.0 = Debug|Any CPU
		{E1BC895E-761C-4F8D-A1B1-A19E9C37BFB6}.Debug|x86.ActiveCfg = Debug|Any CPU
		{E1BC895E-761C-4F8D-A1B1-A19E9C37BFB6}.Debug|x86.Build.0 = Debug|Any CPU
		{E1BC895E-761C-4F8D-A1B1-A19E9C37BFB6}.Release|Any CPU.ActiveCfg = Release|Any CPU
		{E1BC895E-761C-4F8D-A1B1-A19E9C37BFB6}.Release|Any CPU.Build.0 = Release|Any CPU
		{E1BC895E-761C-4F8D-A1B1-A19E9C37BFB6}.Release|x64.ActiveCfg = Release|Any CPU
		{E1BC895E-761C-4F8D-A1B1-A19E9C37BFB6}.Release|x64.Build.0 = Release|Any CPU
		{E1BC895E-761C-4F8D-A1B1-A19E9C37BFB6}.Release|x86.ActiveCfg = Release|Any CPU
		{E1BC895E-761C-4F8D-A1B1-A19E9C37BFB6}.Release|x86.Build.0 = Release|Any CPU
		{07B9F1A8-1415-48CA-A0BC-3206DB6CE6EF}.Debug|Any CPU.ActiveCfg = Debug|Any CPU
		{07B9F1A8-1415-48CA-A0BC-3206DB6CE6EF}.Debug|Any CPU.Build.0 = Debug|Any CPU
		{07B9F1A8-1415-48CA-A0BC-3206DB6CE6EF}.Debug|x64.ActiveCfg = Debug|Any CPU
		{07B9F1A8-1415-48CA-A0BC-3206DB6CE6EF}.Debug|x64.Build.0 = Debug|Any CPU
		{07B9F1A8-1415-48CA-A0BC-3206DB6CE6EF}.Debug|x86.ActiveCfg = Debug|Any CPU
		{07B9F1A8-1415-48CA-A0BC-3206DB6CE6EF}.Debug|x86.Build.0 = Debug|Any CPU
		{07B9F1A8-1415-48CA-A0BC-3206DB6CE6EF}.Release|Any CPU.ActiveCfg = Release|Any CPU
		{07B9F1A8-1415-48CA-A0BC-3206DB6CE6EF}.Release|Any CPU.Build.0 = Release|Any CPU
		{07B9F1A8-1415-48CA-A0BC-3206DB6CE6EF}.Release|x64.ActiveCfg = Release|Any CPU
		{07B9F1A8-1415-48CA-A0BC-3206DB6CE6EF}.Release|x64.Build.0 = Release|Any CPU
		{07B9F1A8-1415-48CA-A0BC-3206DB6CE6EF}.Release|x86.ActiveCfg = Release|Any CPU
		{07B9F1A8-1415-48CA-A0BC-3206DB6CE6EF}.Release|x86.Build.0 = Release|Any CPU
	EndGlobalSection
	GlobalSection(SolutionProperties) = preSolution
		HideSolutionNode = FALSE
	EndGlobalSection
	GlobalSection(NestedProjects) = preSolution
		{02EA681E-C7D8-13C7-8484-4AC65E1B71E8} = {227CE052-B3BF-441E-B723-326D008A0C81}
		{48460DEF-B8C3-45F5-8252-1E7487830212} = {02EA681E-C7D8-13C7-8484-4AC65E1B71E8}
		{DD9B924A-2332-4970-BCD0-A02DAC0C6F55} = {02EA681E-C7D8-13C7-8484-4AC65E1B71E8}
		{9C12C83C-FE72-4AD3-A894-7072D1F023A7} = {227CE052-B3BF-441E-B723-326D008A0C81}
		{0CD92339-715C-49F4-9410-12A65AD447BB} = {9C12C83C-FE72-4AD3-A894-7072D1F023A7}
		{76D0E27B-D96B-4346-BEC6-4331B947851F} = {227CE052-B3BF-441E-B723-326D008A0C81}
		{BE09D934-2DB4-44BF-B455-D94539FF01F4} = {76D0E27B-D96B-4346-BEC6-4331B947851F}
		{274A938B-79D0-4808-8BF3-2B527F13095E} = {227CE052-B3BF-441E-B723-326D008A0C81}
		{8A6D459C-1FEF-4B31-B014-D818E66F33CD} = {274A938B-79D0-4808-8BF3-2B527F13095E}
		{95A088E0-B144-49A4-A310-166D30847D27} = {274A938B-79D0-4808-8BF3-2B527F13095E}
		{18E011FB-32D4-4847-BE9E-D16006AEAD1D} = {227CE052-B3BF-441E-B723-326D008A0C81}
		{65B1695E-5915-4831-BA0D-44EA6D83C6AF} = {18E011FB-32D4-4847-BE9E-D16006AEAD1D}
		{973AEC99-2358-4ABA-8EF2-AB9FC3352EC1} = {18E011FB-32D4-4847-BE9E-D16006AEAD1D}
		{654835B3-3BB7-412D-A096-1F0FFFEA1C9E} = {18E011FB-32D4-4847-BE9E-D16006AEAD1D}
		{D4986480-CF68-460A-B730-9045CFF84C95} = {227CE052-B3BF-441E-B723-326D008A0C81}
		{59709680-04BF-4785-8845-2D44DB050E82} = {D4986480-CF68-460A-B730-9045CFF84C95}
		{BA3EA0CC-E40A-43A3-BCED-2B881B3E5C74} = {119AB29F-25B7-4A22-86E8-FEEB5003C71F}
		{999DED08-0754-4FA7-9A9C-E057CF2F7BFC} = {BA3EA0CC-E40A-43A3-BCED-2B881B3E5C74}
		{38F9886F-86E6-406F-8727-2C97DE49E700} = {119AB29F-25B7-4A22-86E8-FEEB5003C71F}
		{5903059B-98AD-41C8-B336-C2E7FC4F9197} = {38F9886F-86E6-406F-8727-2C97DE49E700}
		{F97343BE-23B0-4B55-9610-6274BD0FFBCC} = {119AB29F-25B7-4A22-86E8-FEEB5003C71F}
		{E1BC895E-761C-4F8D-A1B1-A19E9C37BFB6} = {F97343BE-23B0-4B55-9610-6274BD0FFBCC}
		{3D67F1E7-1399-4A96-9085-E7489D88D973} = {119AB29F-25B7-4A22-86E8-FEEB5003C71F}
		{07B9F1A8-1415-48CA-A0BC-3206DB6CE6EF} = {3D67F1E7-1399-4A96-9085-E7489D88D973}
	EndGlobalSection
	GlobalSection(ExtensibilityGlobals) = postSolution
		SolutionGuid = {F0742455-C4B3-4613-AE74-3AEA748EA667}
	EndGlobalSection
EndGlobal
