
Microsoft Visual Studio Solution File, Format Version 12.00
# Visual Studio Version 17
VisualStudioVersion = 17.9.34622.214
MinimumVisualStudioVersion = 10.0.40219.1
Project("{FAE04EC0-301F-11D3-BF4B-00C04F79EFBC}") = "CSharpFun", "CSharpFun\CSharpFun.csproj", "{5E349A8D-4A38-4D53-B077-78FD7F92DA25}"
EndProject
Global
	GlobalSection(SolutionConfigurationPlatforms) = preSolution
		Debug|Any CPU = Debug|Any CPU
		Release|Any CPU = Release|Any CPU
	EndGlobalSection
	GlobalSection(ProjectConfigurationPlatforms) = postSolution
		{5E349A8D-4A38-4D53-B077-78FD7F92DA25}.Debug|Any CPU.ActiveCfg = Debug|Any CPU
		{5E349A8D-4A38-4D53-B077-78FD7F92DA25}.Debug|Any CPU.Build.0 = Debug|Any CPU
		{5E349A8D-4A38-4D53-B077-78FD7F92DA25}.Release|Any CPU.ActiveCfg = Release|Any CPU
		{5E349A8D-4A38-4D53-B077-78FD7F92DA25}.Release|Any CPU.Build.0 = Release|Any CPU
	EndGlobalSection
	GlobalSection(SolutionProperties) = preSolution
		HideSolutionNode = FALSE
	EndGlobalSection
	GlobalSection(ExtensibilityGlobals) = postSolution
		SolutionGuid = {6FA3FCEE-3C67-49B8-BB0D-7B1354DE2BD1}
	EndGlobalSection
EndGlobal
