
Microsoft Visual Studio Solution File, Format Version 12.00
# Visual Studio Version 17
VisualStudioVersion = 17.9.34714.143
MinimumVisualStudioVersion = 10.0.40219.1
Project("{FAE04EC0-301F-11D3-BF4B-00C04F79EFBC}") = "ConstantExample", "ConstantExample\ConstantExample.csproj", "{0949AB08-DCDA-4545-AFE7-E36B5C625CD5}"
EndProject
Global
	GlobalSection(SolutionConfigurationPlatforms) = preSolution
		Debug|Any CPU = Debug|Any CPU
		Release|Any CPU = Release|Any CPU
	EndGlobalSection
	GlobalSection(ProjectConfigurationPlatforms) = postSolution
		{0949AB08-DCDA-4545-AFE7-E36B5C625CD5}.Debug|Any CPU.ActiveCfg = Debug|Any CPU
		{0949AB08-DCDA-4545-AFE7-E36B5C625CD5}.Debug|Any CPU.Build.0 = Debug|Any CPU
		{0949AB08-DCDA-4545-AFE7-E36B5C625CD5}.Release|Any CPU.ActiveCfg = Release|Any CPU
		{0949AB08-DCDA-4545-AFE7-E36B5C625CD5}.Release|Any CPU.Build.0 = Release|Any CPU
	EndGlobalSection
	GlobalSection(SolutionProperties) = preSolution
		HideSolutionNode = FALSE
	EndGlobalSection
	GlobalSection(ExtensibilityGlobals) = postSolution
		SolutionGuid = {B493EE2D-FF9E-4BAD-9398-964D2190D932}
	EndGlobalSection
EndGlobal
