
Microsoft Visual Studio Solution File, Format Version 12.00
# Visual Studio Version 17
VisualStudioVersion = 17.9.34728.123
MinimumVisualStudioVersion = 10.0.40219.1
Project("{FAE04EC0-301F-11D3-BF4B-00C04F79EFBC}") = "Combine", "Combine\Combine.csproj", "{84C03EC8-3AA8-491F-9A91-9EC44F85B390}"
EndProject
Global
	GlobalSection(SolutionConfigurationPlatforms) = preSolution
		Debug|Any CPU = Debug|Any CPU
		Release|Any CPU = Release|Any CPU
	EndGlobalSection
	GlobalSection(ProjectConfigurationPlatforms) = postSolution
		{84C03EC8-3AA8-491F-9A91-9EC44F85B390}.Debug|Any CPU.ActiveCfg = Debug|Any CPU
		{84C03EC8-3AA8-491F-9A91-9EC44F85B390}.Debug|Any CPU.Build.0 = Debug|Any CPU
		{84C03EC8-3AA8-491F-9A91-9EC44F85B390}.Release|Any CPU.ActiveCfg = Release|Any CPU
		{84C03EC8-3AA8-491F-9A91-9EC44F85B390}.Release|Any CPU.Build.0 = Release|Any CPU
	EndGlobalSection
	GlobalSection(SolutionProperties) = preSolution
		HideSolutionNode = FALSE
	EndGlobalSection
	GlobalSection(ExtensibilityGlobals) = postSolution
		SolutionGuid = {16EEB0F4-A7CD-4520-B1DA-89F4173F7857}
	EndGlobalSection
EndGlobal
