
Microsoft Visual Studio Solution File, Format Version 12.00
# Visual Studio Version 17
VisualStudioVersion = 17.14.36414.22 d17.14
MinimumVisualStudioVersion = 10.0.40219.1
Project("{FAE04EC0-301F-11D3-BF4B-00C04F79EFBC}") = "StaticSample", "StaticSample.csproj", "{B77B439A-1F95-4193-BDEA-670CBE8BFEC7}"
EndProject
Global
	GlobalSection(SolutionConfigurationPlatforms) = preSolution
		Debug|Any CPU = Debug|Any CPU
		Release|Any CPU = Release|Any CPU
	EndGlobalSection
	GlobalSection(ProjectConfigurationPlatforms) = postSolution
		{B77B439A-1F95-4193-BDEA-670CBE8BFEC7}.Debug|Any CPU.ActiveCfg = Debug|Any CPU
		{B77B439A-1F95-4193-BDEA-670CBE8BFEC7}.Debug|Any CPU.Build.0 = Debug|Any CPU
		{B77B439A-1F95-4193-BDEA-670CBE8BFEC7}.Release|Any CPU.ActiveCfg = Release|Any CPU
		{B77B439A-1F95-4193-BDEA-670CBE8BFEC7}.Release|Any CPU.Build.0 = Release|Any CPU
	EndGlobalSection
	GlobalSection(SolutionProperties) = preSolution
		HideSolutionNode = FALSE
	EndGlobalSection
	GlobalSection(ExtensibilityGlobals) = postSolution
		SolutionGuid = {EC9C0E70-D56A-4C47-B2B7-9251180611E0}
	EndGlobalSection
EndGlobal
