
Microsoft Visual Studio Solution File, Format Version 12.00
# Visual Studio Version 17
VisualStudioVersion = 17.14.36414.22 d17.14
MinimumVisualStudioVersion = 10.0.40219.1
Project("{FAE04EC0-301F-11D3-BF4B-00C04F79EFBC}") = "MeThodSample", "MeThodSample.csproj", "{A3A3DD3E-07C8-4EE0-A55A-2CAC48916F08}"
EndProject
Global
	GlobalSection(SolutionConfigurationPlatforms) = preSolution
		Debug|Any CPU = Debug|Any CPU
		Release|Any CPU = Release|Any CPU
	EndGlobalSection
	GlobalSection(ProjectConfigurationPlatforms) = postSolution
		{A3A3DD3E-07C8-4EE0-A55A-2CAC48916F08}.Debug|Any CPU.ActiveCfg = Debug|Any CPU
		{A3A3DD3E-07C8-4EE0-A55A-2CAC48916F08}.Debug|Any CPU.Build.0 = Debug|Any CPU
		{A3A3DD3E-07C8-4EE0-A55A-2CAC48916F08}.Release|Any CPU.ActiveCfg = Release|Any CPU
		{A3A3DD3E-07C8-4EE0-A55A-2CAC48916F08}.Release|Any CPU.Build.0 = Release|Any CPU
	EndGlobalSection
	GlobalSection(SolutionProperties) = preSolution
		HideSolutionNode = FALSE
	EndGlobalSection
	GlobalSection(ExtensibilityGlobals) = postSolution
		SolutionGuid = {5F343CEB-E6A3-470B-B24B-340246254199}
	EndGlobalSection
EndGlobal
