
Microsoft Visual Studio Solution File, Format Version 12.00
# Visual Studio Version 17
VisualStudioVersion = 17.9.34723.18
MinimumVisualStudioVersion = 10.0.40219.1
Project("{FAE04EC0-301F-11D3-BF4B-00C04F79EFBC}") = "WpfApp", "WpfApp\WpfApp.csproj", "{D2FAD774-6F79-4F10-BA93-85D84E57A2DE}"
EndProject
Global
	GlobalSection(SolutionConfigurationPlatforms) = preSolution
		Debug|Any CPU = Debug|Any CPU
		Release|Any CPU = Release|Any CPU
	EndGlobalSection
	GlobalSection(ProjectConfigurationPlatforms) = postSolution
		{D2FAD774-6F79-4F10-BA93-85D84E57A2DE}.Debug|Any CPU.ActiveCfg = Debug|Any CPU
		{D2FAD774-6F79-4F10-BA93-85D84E57A2DE}.Debug|Any CPU.Build.0 = Debug|Any CPU
		{D2FAD774-6F79-4F10-BA93-85D84E57A2DE}.Release|Any CPU.ActiveCfg = Release|Any CPU
		{D2FAD774-6F79-4F10-BA93-85D84E57A2DE}.Release|Any CPU.Build.0 = Release|Any CPU
	EndGlobalSection
	GlobalSection(SolutionProperties) = preSolution
		HideSolutionNode = FALSE
	EndGlobalSection
	GlobalSection(ExtensibilityGlobals) = postSolution
		SolutionGuid = {8BB24649-F212-42DC-A115-9EA8210CA567}
	EndGlobalSection
EndGlobal
