
Microsoft Visual Studio Solution File, Format Version 12.00
# Visual Studio Version 17
VisualStudioVersion = 17.14.36414.22 d17.14
MinimumVisualStudioVersion = 10.0.40219.1
Project("{FAE04EC0-301F-11D3-BF4B-00C04F79EFBC}") = "WpfApp_事件处理器", "WpfApp_事件处理器.csproj", "{FBEE2933-060F-4BBF-B6B8-579F5A94D65F}"
EndProject
Global
	GlobalSection(SolutionConfigurationPlatforms) = preSolution
		Debug|Any CPU = Debug|Any CPU
		Release|Any CPU = Release|Any CPU
	EndGlobalSection
	GlobalSection(ProjectConfigurationPlatforms) = postSolution
		{FBEE2933-060F-4BBF-B6B8-579F5A94D65F}.Debug|Any CPU.ActiveCfg = Debug|Any CPU
		{FBEE2933-060F-4BBF-B6B8-579F5A94D65F}.Debug|Any CPU.Build.0 = Debug|Any CPU
		{FBEE2933-060F-4BBF-B6B8-579F5A94D65F}.Release|Any CPU.ActiveCfg = Release|Any CPU
		{FBEE2933-060F-4BBF-B6B8-579F5A94D65F}.Release|Any CPU.Build.0 = Release|Any CPU
	EndGlobalSection
	GlobalSection(SolutionProperties) = preSolution
		HideSolutionNode = FALSE
	EndGlobalSection
	GlobalSection(ExtensibilityGlobals) = postSolution
		SolutionGuid = {E4FB02FE-8983-4AC6-B217-EBD7AD134A1E}
	EndGlobalSection
EndGlobal
