
Microsoft Visual Studio Solution File, Format Version 12.00
# Visual Studio Version 17
VisualStudioVersion = 17.9.34622.214
MinimumVisualStudioVersion = 10.0.40219.1
Project("{FAE04EC0-301F-11D3-BF4B-00C04F79EFBC}") = "HelloWorld", "HelloWorld\HelloWorld.csproj", "{644A2B18-35C8-4924-93C3-70F32DC985CB}"
EndProject
Project("{FAE04EC0-301F-11D3-BF4B-00C04F79EFBC}") = "SuperCalculate", "SuperCalculate\SuperCalculate.csproj", "{A4AB11C1-4C62-454C-AE0F-52A8AC7F07E2}"
EndProject
Global
	GlobalSection(SolutionConfigurationPlatforms) = preSolution
		Debug|Any CPU = Debug|Any CPU
		Release|Any CPU = Release|Any CPU
	EndGlobalSection
	GlobalSection(ProjectConfigurationPlatforms) = postSolution
		{644A2B18-35C8-4924-93C3-70F32DC985CB}.Debug|Any CPU.ActiveCfg = Debug|Any CPU
		{644A2B18-35C8-4924-93C3-70F32DC985CB}.Debug|Any CPU.Build.0 = Debug|Any CPU
		{644A2B18-35C8-4924-93C3-70F32DC985CB}.Release|Any CPU.ActiveCfg = Release|Any CPU
		{644A2B18-35C8-4924-93C3-70F32DC985CB}.Release|Any CPU.Build.0 = Release|Any CPU
		{A4AB11C1-4C62-454C-AE0F-52A8AC7F07E2}.Debug|Any CPU.ActiveCfg = Debug|Any CPU
		{A4AB11C1-4C62-454C-AE0F-52A8AC7F07E2}.Debug|Any CPU.Build.0 = Debug|Any CPU
		{A4AB11C1-4C62-454C-AE0F-52A8AC7F07E2}.Release|Any CPU.ActiveCfg = Release|Any CPU
		{A4AB11C1-4C62-454C-AE0F-52A8AC7F07E2}.Release|Any CPU.Build.0 = Release|Any CPU
	EndGlobalSection
	GlobalSection(SolutionProperties) = preSolution
		HideSolutionNode = FALSE
	EndGlobalSection
	GlobalSection(ExtensibilityGlobals) = postSolution
		SolutionGuid = {310603A3-8A98-4BD4-9202-80AA2441731C}
	EndGlobalSection
EndGlobal
