
Microsoft Visual Studio Solution File, Format Version 12.00
# Visual Studio Version 17
VisualStudioVersion = 17.9.34728.123
MinimumVisualStudioVersion = 10.0.40219.1
Project("{FAE04EC0-301F-11D3-BF4B-00C04F79EFBC}") = "WindowsFormsApp1", "WindowsFormsApp1\WindowsFormsApp1.csproj", "{663D4E26-A020-4D17-BB95-5EF41DB3BB61}"
EndProject
Global
	GlobalSection(SolutionConfigurationPlatforms) = preSolution
		Debug|Any CPU = Debug|Any CPU
		Release|Any CPU = Release|Any CPU
	EndGlobalSection
	GlobalSection(ProjectConfigurationPlatforms) = postSolution
		{663D4E26-A020-4D17-BB95-5EF41DB3BB61}.Debug|Any CPU.ActiveCfg = Debug|Any CPU
		{663D4E26-A020-4D17-BB95-5EF41DB3BB61}.Debug|Any CPU.Build.0 = Debug|Any CPU
		{663D4E26-A020-4D17-BB95-5EF41DB3BB61}.Release|Any CPU.ActiveCfg = Release|Any CPU
		{663D4E26-A020-4D17-BB95-5EF41DB3BB61}.Release|Any CPU.Build.0 = Release|Any CPU
	EndGlobalSection
	GlobalSection(SolutionProperties) = preSolution
		HideSolutionNode = FALSE
	EndGlobalSection
	GlobalSection(ExtensibilityGlobals) = postSolution
		SolutionGuid = {B5174E25-6B3F-48A5-BBA2-C3458AD9923C}
	EndGlobalSection
EndGlobal
