
Microsoft Visual Studio Solution File, Format Version 12.00
# Visual Studio Version 17
VisualStudioVersion = 17.14.36511.14 d17.14
MinimumVisualStudioVersion = 10.0.40219.1
Project("{FAE04EC0-301F-11D3-BF4B-00C04F79EFBC}") = "深入浅出WPF_Examples", "深入浅出WPF_Examples.csproj", "{9B95B5C3-5ED5-4F6B-981A-7141362F7E87}"
EndProject
Project("{2150E333-8FDC-42A3-9474-1A3956D46DE8}") = "Bindig指定数据源几种方法", "Bindig指定数据源几种方法", "{02EA681E-C7D8-13C7-8484-4AC65E1B71E8}"
EndProject
Project("{2150E333-8FDC-42A3-9474-1A3956D46DE8}") = "深入浅出事件", "深入浅出事件", "{D78E474B-B17C-4397-AB2A-BE0BE97FE57D}"
EndProject
Project("{2150E333-8FDC-42A3-9474-1A3956D46DE8}") = "深入浅出属性", "深入浅出属性", "{7C3C14B2-F4F7-45C7-93A5-BD000BA32A6B}"
EndProject
Project("{FAE04EC0-301F-11D3-BF4B-00C04F79EFBC}") = "WpfApp_Binding_no_path", "WpfApp_Binding_no_path\WpfApp_Binding_no_path.csproj", "{1745B8EE-28F7-2919-A85E-D89D604A2D2D}"
EndProject
Project("{FAE04EC0-301F-11D3-BF4B-00C04F79EFBC}") = "WpfApp_Binding指定源方法", "WpfApp_Binding指定源方法\WpfApp_Binding指定源方法.csproj", "{27BB5884-59EA-F581-0E92-67A418A56ADC}"
EndProject
Project("{FAE04EC0-301F-11D3-BF4B-00C04F79EFBC}") = "WpfApp_bing", "WpfApp_bing\WpfApp_bing.csproj", "{4666BCA0-9031-07C8-010A-CB429A7E1DDB}"
EndProject
Project("{FAE04EC0-301F-11D3-BF4B-00C04F79EFBC}") = "WpfApp_Bing源与路径", "WpfApp_Bing源与路径\WpfApp_Bing源与路径.csproj", "{59855933-D18E-49FA-86D7-CE8E0A556B15}"
EndProject
Project("{FAE04EC0-301F-11D3-BF4B-00C04F79EFBC}") = "WpfApp_标签扩展", "WpfApp_标签扩展\WpfApp_标签扩展.csproj", "{5AFCCE3B-AF12-7375-1FDB-A10DFB7599EE}"
EndProject
Project("{FAE04EC0-301F-11D3-BF4B-00C04F79EFBC}") = "WpfApp_集合对象作为列表控件的ItemSource", "WpfApp_集合对象作为列表控件的ItemSource\WpfApp_集合对象作为列表控件的ItemSource.csproj", "{84F5207A-D7FC-FADB-9111-AA5E75C5A41F}"
EndProject
Project("{FAE04EC0-301F-11D3-BF4B-00C04F79EFBC}") = "WpfApp_事件处理器", "WpfApp_事件处理器\WpfApp_事件处理器.csproj", "{E4E6AD1C-DF16-8DEE-E207-29B19A5A9012}"
EndProject
Project("{FAE04EC0-301F-11D3-BF4B-00C04F79EFBC}") = "WpfApp_属性标签", "WpfApp_属性标签\WpfApp_属性标签.csproj", "{D0CF9A55-C38F-8333-F135-F3167889CBD5}"
EndProject
Project("{FAE04EC0-301F-11D3-BF4B-00C04F79EFBC}") = "属性的由来", "..\属性的由来\属性的由来.csproj", "{D73961FA-63C9-46AD-869D-4E6C68EA7E86}"
EndProject
Global
	GlobalSection(SolutionConfigurationPlatforms) = preSolution
		Debug|Any CPU = Debug|Any CPU
		Release|Any CPU = Release|Any CPU
	EndGlobalSection
	GlobalSection(ProjectConfigurationPlatforms) = postSolution
		{9B95B5C3-5ED5-4F6B-981A-7141362F7E87}.Debug|Any CPU.ActiveCfg = Debug|Any CPU
		{9B95B5C3-5ED5-4F6B-981A-7141362F7E87}.Debug|Any CPU.Build.0 = Debug|Any CPU
		{9B95B5C3-5ED5-4F6B-981A-7141362F7E87}.Release|Any CPU.ActiveCfg = Release|Any CPU
		{9B95B5C3-5ED5-4F6B-981A-7141362F7E87}.Release|Any CPU.Build.0 = Release|Any CPU
		{1745B8EE-28F7-2919-A85E-D89D604A2D2D}.Debug|Any CPU.ActiveCfg = Debug|Any CPU
		{1745B8EE-28F7-2919-A85E-D89D604A2D2D}.Debug|Any CPU.Build.0 = Debug|Any CPU
		{1745B8EE-28F7-2919-A85E-D89D604A2D2D}.Release|Any CPU.ActiveCfg = Release|Any CPU
		{1745B8EE-28F7-2919-A85E-D89D604A2D2D}.Release|Any CPU.Build.0 = Release|Any CPU
		{27BB5884-59EA-F581-0E92-67A418A56ADC}.Debug|Any CPU.ActiveCfg = Debug|Any CPU
		{27BB5884-59EA-F581-0E92-67A418A56ADC}.Debug|Any CPU.Build.0 = Debug|Any CPU
		{27BB5884-59EA-F581-0E92-67A418A56ADC}.Release|Any CPU.ActiveCfg = Release|Any CPU
		{27BB5884-59EA-F581-0E92-67A418A56ADC}.Release|Any CPU.Build.0 = Release|Any CPU
		{4666BCA0-9031-07C8-010A-CB429A7E1DDB}.Debug|Any CPU.ActiveCfg = Debug|Any CPU
		{4666BCA0-9031-07C8-010A-CB429A7E1DDB}.Debug|Any CPU.Build.0 = Debug|Any CPU
		{4666BCA0-9031-07C8-010A-CB429A7E1DDB}.Release|Any CPU.ActiveCfg = Release|Any CPU
		{4666BCA0-9031-07C8-010A-CB429A7E1DDB}.Release|Any CPU.Build.0 = Release|Any CPU
		{59855933-D18E-49FA-86D7-CE8E0A556B15}.Debug|Any CPU.ActiveCfg = Debug|Any CPU
		{59855933-D18E-49FA-86D7-CE8E0A556B15}.Debug|Any CPU.Build.0 = Debug|Any CPU
		{59855933-D18E-49FA-86D7-CE8E0A556B15}.Release|Any CPU.ActiveCfg = Release|Any CPU
		{59855933-D18E-49FA-86D7-CE8E0A556B15}.Release|Any CPU.Build.0 = Release|Any CPU
		{5AFCCE3B-AF12-7375-1FDB-A10DFB7599EE}.Debug|Any CPU.ActiveCfg = Debug|Any CPU
		{5AFCCE3B-AF12-7375-1FDB-A10DFB7599EE}.Debug|Any CPU.Build.0 = Debug|Any CPU
		{5AFCCE3B-AF12-7375-1FDB-A10DFB7599EE}.Release|Any CPU.ActiveCfg = Release|Any CPU
		{5AFCCE3B-AF12-7375-1FDB-A10DFB7599EE}.Release|Any CPU.Build.0 = Release|Any CPU
		{84F5207A-D7FC-FADB-9111-AA5E75C5A41F}.Debug|Any CPU.ActiveCfg = Debug|Any CPU
		{84F5207A-D7FC-FADB-9111-AA5E75C5A41F}.Debug|Any CPU.Build.0 = Debug|Any CPU
		{84F5207A-D7FC-FADB-9111-AA5E75C5A41F}.Release|Any CPU.ActiveCfg = Release|Any CPU
		{84F5207A-D7FC-FADB-9111-AA5E75C5A41F}.Release|Any CPU.Build.0 = Release|Any CPU
		{E4E6AD1C-DF16-8DEE-E207-29B19A5A9012}.Debug|Any CPU.ActiveCfg = Debug|Any CPU
		{E4E6AD1C-DF16-8DEE-E207-29B19A5A9012}.Debug|Any CPU.Build.0 = Debug|Any CPU
		{E4E6AD1C-DF16-8DEE-E207-29B19A5A9012}.Release|Any CPU.ActiveCfg = Release|Any CPU
		{E4E6AD1C-DF16-8DEE-E207-29B19A5A9012}.Release|Any CPU.Build.0 = Release|Any CPU
		{D0CF9A55-C38F-8333-F135-F3167889CBD5}.Debug|Any CPU.ActiveCfg = Debug|Any CPU
		{D0CF9A55-C38F-8333-F135-F3167889CBD5}.Debug|Any CPU.Build.0 = Debug|Any CPU
		{D0CF9A55-C38F-8333-F135-F3167889CBD5}.Release|Any CPU.ActiveCfg = Release|Any CPU
		{D0CF9A55-C38F-8333-F135-F3167889CBD5}.Release|Any CPU.Build.0 = Release|Any CPU
		{D73961FA-63C9-46AD-869D-4E6C68EA7E86}.Debug|Any CPU.ActiveCfg = Debug|Any CPU
		{D73961FA-63C9-46AD-869D-4E6C68EA7E86}.Debug|Any CPU.Build.0 = Debug|Any CPU
		{D73961FA-63C9-46AD-869D-4E6C68EA7E86}.Release|Any CPU.ActiveCfg = Release|Any CPU
		{D73961FA-63C9-46AD-869D-4E6C68EA7E86}.Release|Any CPU.Build.0 = Release|Any CPU
	EndGlobalSection
	GlobalSection(SolutionProperties) = preSolution
		HideSolutionNode = FALSE
	EndGlobalSection
	GlobalSection(NestedProjects) = preSolution
		{1745B8EE-28F7-2919-A85E-D89D604A2D2D} = {02EA681E-C7D8-13C7-8484-4AC65E1B71E8}
		{27BB5884-59EA-F581-0E92-67A418A56ADC} = {02EA681E-C7D8-13C7-8484-4AC65E1B71E8}
		{4666BCA0-9031-07C8-010A-CB429A7E1DDB} = {02EA681E-C7D8-13C7-8484-4AC65E1B71E8}
		{59855933-D18E-49FA-86D7-CE8E0A556B15} = {02EA681E-C7D8-13C7-8484-4AC65E1B71E8}
		{5AFCCE3B-AF12-7375-1FDB-A10DFB7599EE} = {02EA681E-C7D8-13C7-8484-4AC65E1B71E8}
		{84F5207A-D7FC-FADB-9111-AA5E75C5A41F} = {02EA681E-C7D8-13C7-8484-4AC65E1B71E8}
		{E4E6AD1C-DF16-8DEE-E207-29B19A5A9012} = {02EA681E-C7D8-13C7-8484-4AC65E1B71E8}
		{D0CF9A55-C38F-8333-F135-F3167889CBD5} = {02EA681E-C7D8-13C7-8484-4AC65E1B71E8}
		{D73961FA-63C9-46AD-869D-4E6C68EA7E86} = {7C3C14B2-F4F7-45C7-93A5-BD000BA32A6B}
	EndGlobalSection
	GlobalSection(ExtensibilityGlobals) = postSolution
		SolutionGuid = {1959425C-5E6B-4B69-B764-B1A4AB77D694}
	EndGlobalSection
EndGlobal
