
Microsoft Visual Studio Solution File, Format Version 12.00
# Visual Studio Version 17
VisualStudioVersion = 17.9.34723.18
MinimumVisualStudioVersion = 10.0.40219.1
Project("{FAE04EC0-301F-11D3-BF4B-00C04F79EFBC}") = "FormApp", "FormApp\FormApp.csproj", "{E30E2C22-52CC-4D0A-9399-CCF2DB16F83A}"
EndProject
Global
	GlobalSection(SolutionConfigurationPlatforms) = preSolution
		Debug|Any CPU = Debug|Any CPU
		Release|Any CPU = Release|Any CPU
	EndGlobalSection
	GlobalSection(ProjectConfigurationPlatforms) = postSolution
		{E30E2C22-52CC-4D0A-9399-CCF2DB16F83A}.Debug|Any CPU.ActiveCfg = Debug|Any CPU
		{E30E2C22-52CC-4D0A-9399-CCF2DB16F83A}.Debug|Any CPU.Build.0 = Debug|Any CPU
		{E30E2C22-52CC-4D0A-9399-CCF2DB16F83A}.Release|Any CPU.ActiveCfg = Release|Any CPU
		{E30E2C22-52CC-4D0A-9399-CCF2DB16F83A}.Release|Any CPU.Build.0 = Release|Any CPU
	EndGlobalSection
	GlobalSection(SolutionProperties) = preSolution
		HideSolutionNode = FALSE
	EndGlobalSection
	GlobalSection(ExtensibilityGlobals) = postSolution
		SolutionGuid = {9FBAEEB3-8AB3-445A-AE77-730B91B4E976}
	EndGlobalSection
EndGlobal
