
Microsoft Visual Studio Solution File, Format Version 12.00
# Visual Studio Version 17
VisualStudioVersion = 17.14.36414.22 d17.14
MinimumVisualStudioVersion = 10.0.40219.1
Project("{FAE04EC0-301F-11D3-BF4B-00C04F79EFBC}") = "WpfApp_集合对象作为列表控件的ItemSource", "WpfApp_集合对象作为列表控件的ItemSource.csproj", "{A244DA48-2B11-4A7E-9900-C88A178662B7}"
EndProject
Global
	GlobalSection(SolutionConfigurationPlatforms) = preSolution
		Debug|Any CPU = Debug|Any CPU
		Release|Any CPU = Release|Any CPU
	EndGlobalSection
	GlobalSection(ProjectConfigurationPlatforms) = postSolution
		{A244DA48-2B11-4A7E-9900-C88A178662B7}.Debug|Any CPU.ActiveCfg = Debug|Any CPU
		{A244DA48-2B11-4A7E-9900-C88A178662B7}.Debug|Any CPU.Build.0 = Debug|Any CPU
		{A244DA48-2B11-4A7E-9900-C88A178662B7}.Release|Any CPU.ActiveCfg = Release|Any CPU
		{A244DA48-2B11-4A7E-9900-C88A178662B7}.Release|Any CPU.Build.0 = Release|Any CPU
	EndGlobalSection
	GlobalSection(SolutionProperties) = preSolution
		HideSolutionNode = FALSE
	EndGlobalSection
	GlobalSection(ExtensibilityGlobals) = postSolution
		SolutionGuid = {82829074-85D7-441C-BFF8-41D56BE3E98F}
	EndGlobalSection
EndGlobal
