
Microsoft Visual Studio Solution File, Format Version 12.00
# Visual Studio Version 17
VisualStudioVersion = 17.14.36414.22 d17.14
MinimumVisualStudioVersion = 10.0.40219.1
Project("{FAE04EC0-301F-11D3-BF4B-00C04F79EFBC}") = "WpfApp_标签扩展", "WpfApp_标签扩展.csproj", "{84612811-E185-4D83-A552-CFDEE4E1BEC0}"
EndProject
Global
	GlobalSection(SolutionConfigurationPlatforms) = preSolution
		Debug|Any CPU = Debug|Any CPU
		Release|Any CPU = Release|Any CPU
	EndGlobalSection
	GlobalSection(ProjectConfigurationPlatforms) = postSolution
		{84612811-E185-4D83-A552-CFDEE4E1BEC0}.Debug|Any CPU.ActiveCfg = Debug|Any CPU
		{84612811-E185-4D83-A552-CFDEE4E1BEC0}.Debug|Any CPU.Build.0 = Debug|Any CPU
		{84612811-E185-4D83-A552-CFDEE4E1BEC0}.Release|Any CPU.ActiveCfg = Release|Any CPU
		{84612811-E185-4D83-A552-CFDEE4E1BEC0}.Release|Any CPU.Build.0 = Release|Any CPU
	EndGlobalSection
	GlobalSection(SolutionProperties) = preSolution
		HideSolutionNode = FALSE
	EndGlobalSection
	GlobalSection(ExtensibilityGlobals) = postSolution
		SolutionGuid = {8B6FA56D-8F45-461C-8871-F95606E96C11}
	EndGlobalSection
EndGlobal
