
Microsoft Visual Studio Solution File, Format Version 12.00
# Visual Studio Version 17
VisualStudioVersion = 17.9.34622.214
MinimumVisualStudioVersion = 10.0.40219.1
Project("{FAE04EC0-301F-11D3-BF4B-00C04F79EFBC}") = "ConstructorExample", "ConstructorExample\ConstructorExample.csproj", "{B7E55D41-3817-4868-93E2-8B522533DEFE}"
EndProject
Global
	GlobalSection(SolutionConfigurationPlatforms) = preSolution
		Debug|Any CPU = Debug|Any CPU
		Release|Any CPU = Release|Any CPU
	EndGlobalSection
	GlobalSection(ProjectConfigurationPlatforms) = postSolution
		{B7E55D41-3817-4868-93E2-8B522533DEFE}.Debug|Any CPU.ActiveCfg = Debug|Any CPU
		{B7E55D41-3817-4868-93E2-8B522533DEFE}.Debug|Any CPU.Build.0 = Debug|Any CPU
		{B7E55D41-3817-4868-93E2-8B522533DEFE}.Release|Any CPU.ActiveCfg = Release|Any CPU
		{B7E55D41-3817-4868-93E2-8B522533DEFE}.Release|Any CPU.Build.0 = Release|Any CPU
	EndGlobalSection
	GlobalSection(SolutionProperties) = preSolution
		HideSolutionNode = FALSE
	EndGlobalSection
	GlobalSection(ExtensibilityGlobals) = postSolution
		SolutionGuid = {037B542C-E5C8-4B1D-9922-F192424FBA21}
	EndGlobalSection
EndGlobal
