
Microsoft Visual Studio Solution File, Format Version 12.00
# Visual Studio Version 17
VisualStudioVersion = 17.9.34728.123
MinimumVisualStudioVersion = 10.0.40219.1
Project("{FAE04EC0-301F-11D3-BF4B-00C04F79EFBC}") = "WebApplication1", "WebApplication1\WebApplication1.csproj", "{FA540ED8-9896-42C8-A3AA-B6C73FFFD255}"
EndProject
Global
	GlobalSection(SolutionConfigurationPlatforms) = preSolution
		Debug|Any CPU = Debug|Any CPU
		Release|Any CPU = Release|Any CPU
	EndGlobalSection
	GlobalSection(ProjectConfigurationPlatforms) = postSolution
		{FA540ED8-9896-42C8-A3AA-B6C73FFFD255}.Debug|Any CPU.ActiveCfg = Debug|Any CPU
		{FA540ED8-9896-42C8-A3AA-B6C73FFFD255}.Debug|Any CPU.Build.0 = Debug|Any CPU
		{FA540ED8-9896-42C8-A3AA-B6C73FFFD255}.Release|Any CPU.ActiveCfg = Release|Any CPU
		{FA540ED8-9896-42C8-A3AA-B6C73FFFD255}.Release|Any CPU.Build.0 = Release|Any CPU
	EndGlobalSection
	GlobalSection(SolutionProperties) = preSolution
		HideSolutionNode = FALSE
	EndGlobalSection
	GlobalSection(ExtensibilityGlobals) = postSolution
		SolutionGuid = {3BC14586-1A2C-46B2-82AE-CA5828160CA5}
	EndGlobalSection
EndGlobal
