
Microsoft Visual Studio Solution File, Format Version 12.00
# Visual Studio Version 17
VisualStudioVersion = 17.9.34622.214
MinimumVisualStudioVersion = 10.0.40219.1
Project("{FAE04EC0-301F-11D3-BF4B-00C04F79EFBC}") = "Conflict", "Conflict\Conflict.csproj", "{C292A0B1-DA3D-4FEC-A8E7-611050726434}"
EndProject
Global
	GlobalSection(SolutionConfigurationPlatforms) = preSolution
		Debug|Any CPU = Debug|Any CPU
		Release|Any CPU = Release|Any CPU
	EndGlobalSection
	GlobalSection(ProjectConfigurationPlatforms) = postSolution
		{C292A0B1-DA3D-4FEC-A8E7-611050726434}.Debug|Any CPU.ActiveCfg = Debug|Any CPU
		{C292A0B1-DA3D-4FEC-A8E7-611050726434}.Debug|Any CPU.Build.0 = Debug|Any CPU
		{C292A0B1-DA3D-4FEC-A8E7-611050726434}.Release|Any CPU.ActiveCfg = Release|Any CPU
		{C292A0B1-DA3D-4FEC-A8E7-611050726434}.Release|Any CPU.Build.0 = Release|Any CPU
	EndGlobalSection
	GlobalSection(SolutionProperties) = preSolution
		HideSolutionNode = FALSE
	EndGlobalSection
	GlobalSection(ExtensibilityGlobals) = postSolution
		SolutionGuid = {FE578A9B-142B-452F-8EEB-7180BED35113}
	EndGlobalSection
EndGlobal
