
Microsoft Visual Studio Solution File, Format Version 12.00
# Visual Studio Version 17
VisualStudioVersion = 17.9.34728.123
MinimumVisualStudioVersion = 10.0.40219.1
Project("{FAE04EC0-301F-11D3-BF4B-00C04F79EFBC}") = "Example027", "Example027\Example027.csproj", "{6DF69E69-F970-40CA-8BD4-14051232532C}"
EndProject
Global
	GlobalSection(SolutionConfigurationPlatforms) = preSolution
		Debug|Any CPU = Debug|Any CPU
		Release|Any CPU = Release|Any CPU
	EndGlobalSection
	GlobalSection(ProjectConfigurationPlatforms) = postSolution
		{6DF69E69-F970-40CA-8BD4-14051232532C}.Debug|Any CPU.ActiveCfg = Debug|Any CPU
		{6DF69E69-F970-40CA-8BD4-14051232532C}.Debug|Any CPU.Build.0 = Debug|Any CPU
		{6DF69E69-F970-40CA-8BD4-14051232532C}.Release|Any CPU.ActiveCfg = Release|Any CPU
		{6DF69E69-F970-40CA-8BD4-14051232532C}.Release|Any CPU.Build.0 = Release|Any CPU
	EndGlobalSection
	GlobalSection(SolutionProperties) = preSolution
		HideSolutionNode = FALSE
	EndGlobalSection
	GlobalSection(ExtensibilityGlobals) = postSolution
		SolutionGuid = {4B848177-C75A-42BC-B934-965C55A45F35}
	EndGlobalSection
EndGlobal
