
Microsoft Visual Studio Solution File, Format Version 12.00
# Visual Studio Version 17
VisualStudioVersion = 17.14.36414.22 d17.14
MinimumVisualStudioVersion = 10.0.40219.1
Project("{FAE04EC0-301F-11D3-BF4B-00C04F79EFBC}") = "WpfApp_Bing源与路径", "WpfApp_Bing源与路径.csproj", "{884F600A-D173-412F-868D-1185DB3125D6}"
EndProject
Global
	GlobalSection(SolutionConfigurationPlatforms) = preSolution
		Debug|Any CPU = Debug|Any CPU
		Release|Any CPU = Release|Any CPU
	EndGlobalSection
	GlobalSection(ProjectConfigurationPlatforms) = postSolution
		{884F600A-D173-412F-868D-1185DB3125D6}.Debug|Any CPU.ActiveCfg = Debug|Any CPU
		{884F600A-D173-412F-868D-1185DB3125D6}.Debug|Any CPU.Build.0 = Debug|Any CPU
		{884F600A-D173-412F-868D-1185DB3125D6}.Release|Any CPU.ActiveCfg = Release|Any CPU
		{884F600A-D173-412F-868D-1185DB3125D6}.Release|Any CPU.Build.0 = Release|Any CPU
	EndGlobalSection
	GlobalSection(SolutionProperties) = preSolution
		HideSolutionNode = FALSE
	EndGlobalSection
	GlobalSection(ExtensibilityGlobals) = postSolution
		SolutionGuid = {10116E97-C181-48AD-9A8C-A37AB4681C56}
	EndGlobalSection
EndGlobal
