
Microsoft Visual Studio Solution File, Format Version 12.00
# Visual Studio Version 17
VisualStudioVersion = 17.9.34622.214
MinimumVisualStudioVersion = 10.0.40219.1
Project("{FAE04EC0-301F-11D3-BF4B-00C04F79EFBC}") = "StaticSample", "StaticSample\StaticSample.csproj", "{B5A380CE-F209-4BFB-A8B1-73DB03CFDB94}"
EndProject
Global
	GlobalSection(SolutionConfigurationPlatforms) = preSolution
		Debug|Any CPU = Debug|Any CPU
		Release|Any CPU = Release|Any CPU
	EndGlobalSection
	GlobalSection(ProjectConfigurationPlatforms) = postSolution
		{B5A380CE-F209-4BFB-A8B1-73DB03CFDB94}.Debug|Any CPU.ActiveCfg = Debug|Any CPU
		{B5A380CE-F209-4BFB-A8B1-73DB03CFDB94}.Debug|Any CPU.Build.0 = Debug|Any CPU
		{B5A380CE-F209-4BFB-A8B1-73DB03CFDB94}.Release|Any CPU.ActiveCfg = Release|Any CPU
		{B5A380CE-F209-4BFB-A8B1-73DB03CFDB94}.Release|Any CPU.Build.0 = Release|Any CPU
	EndGlobalSection
	GlobalSection(SolutionProperties) = preSolution
		HideSolutionNode = FALSE
	EndGlobalSection
	GlobalSection(ExtensibilityGlobals) = postSolution
		SolutionGuid = {D41DAB15-A7F7-475A-8608-AA41B791C33C}
	EndGlobalSection
EndGlobal
