
Microsoft Visual Studio Solution File, Format Version 12.00
# Visual Studio Version 17
VisualStudioVersion = 17.9.34622.214
MinimumVisualStudioVersion = 10.0.40219.1
Project("{FAE04EC0-301F-11D3-BF4B-00C04F79EFBC}") = "HeapSample", "HeapSample\HeapSample.csproj", "{9EAC290B-0C8A-4748-AF96-A70BC4006276}"
EndProject
Global
	GlobalSection(SolutionConfigurationPlatforms) = preSolution
		Debug|Any CPU = Debug|Any CPU
		Release|Any CPU = Release|Any CPU
	EndGlobalSection
	GlobalSection(ProjectConfigurationPlatforms) = postSolution
		{9EAC290B-0C8A-4748-AF96-A70BC4006276}.Debug|Any CPU.ActiveCfg = Debug|Any CPU
		{9EAC290B-0C8A-4748-AF96-A70BC4006276}.Debug|Any CPU.Build.0 = Debug|Any CPU
		{9EAC290B-0C8A-4748-AF96-A70BC4006276}.Release|Any CPU.ActiveCfg = Release|Any CPU
		{9EAC290B-0C8A-4748-AF96-A70BC4006276}.Release|Any CPU.Build.0 = Release|Any CPU
	EndGlobalSection
	GlobalSection(SolutionProperties) = preSolution
		HideSolutionNode = FALSE
	EndGlobalSection
	GlobalSection(ExtensibilityGlobals) = postSolution
		SolutionGuid = {4297CD3E-B671-4443-9BB3-ED0B5B80C32F}
	EndGlobalSection
EndGlobal
