
Microsoft Visual Studio Solution File, Format Version 12.00
# Visual Studio Version 17
VisualStudioVersion = 17.9.34723.18
MinimumVisualStudioVersion = 10.0.40219.1
Project("{FAE04EC0-301F-11D3-BF4B-00C04F79EFBC}") = "EventExample", "EventExample\EventExample.csproj", "{D978D884-F6E8-4CFA-81A5-6A0C685FB118}"
EndProject
Global
	GlobalSection(SolutionConfigurationPlatforms) = preSolution
		Debug|Any CPU = Debug|Any CPU
		Release|Any CPU = Release|Any CPU
	EndGlobalSection
	GlobalSection(ProjectConfigurationPlatforms) = postSolution
		{D978D884-F6E8-4CFA-81A5-6A0C685FB118}.Debug|Any CPU.ActiveCfg = Debug|Any CPU
		{D978D884-F6E8-4CFA-81A5-6A0C685FB118}.Debug|Any CPU.Build.0 = Debug|Any CPU
		{D978D884-F6E8-4CFA-81A5-6A0C685FB118}.Release|Any CPU.ActiveCfg = Release|Any CPU
		{D978D884-F6E8-4CFA-81A5-6A0C685FB118}.Release|Any CPU.Build.0 = Release|Any CPU
	EndGlobalSection
	GlobalSection(SolutionProperties) = preSolution
		HideSolutionNode = FALSE
	EndGlobalSection
	GlobalSection(ExtensibilityGlobals) = postSolution
		SolutionGuid = {78C560E2-85C7-4F2D-9C06-FEB3D7E9A8FD}
	EndGlobalSection
EndGlobal
