
Microsoft Visual Studio Solution File, Format Version 12.00
# Visual Studio Version 17
VisualStudioVersion = 17.9.34622.214
MinimumVisualStudioVersion = 10.0.40219.1
Project("{CC5FD16D-436D-48AD-A40C-5A424C6E3E79}") = "CloudHelloWorld", "CloudHelloWorld\CloudHelloWorld.ccproj", "{C74BF980-0EDA-4178-A9F5-AA061DD391AE}"
EndProject
Project("{FAE04EC0-301F-11D3-BF4B-00C04F79EFBC}") = "SayHello", "SayHello\SayHello.csproj", "{86E47EBC-EB64-45F6-98FB-A9C14F3A29E1}"
EndProject
Global
	GlobalSection(SolutionConfigurationPlatforms) = preSolution
		Debug|Any CPU = Debug|Any CPU
		Release|Any CPU = Release|Any CPU
	EndGlobalSection
	GlobalSection(ProjectConfigurationPlatforms) = postSolution
		{C74BF980-0EDA-4178-A9F5-AA061DD391AE}.Debug|Any CPU.ActiveCfg = Debug|Any CPU
		{C74BF980-0EDA-4178-A9F5-AA061DD391AE}.Debug|Any CPU.Build.0 = Debug|Any CPU
		{C74BF980-0EDA-4178-A9F5-AA061DD391AE}.Release|Any CPU.ActiveCfg = Release|Any CPU
		{C74BF980-0EDA-4178-A9F5-AA061DD391AE}.Release|Any CPU.Build.0 = Release|Any CPU
		{86E47EBC-EB64-45F6-98FB-A9C14F3A29E1}.Debug|Any CPU.ActiveCfg = Debug|Any CPU
		{86E47EBC-EB64-45F6-98FB-A9C14F3A29E1}.Debug|Any CPU.Build.0 = Debug|Any CPU
		{86E47EBC-EB64-45F6-98FB-A9C14F3A29E1}.Release|Any CPU.ActiveCfg = Release|Any CPU
		{86E47EBC-EB64-45F6-98FB-A9C14F3A29E1}.Release|Any CPU.Build.0 = Release|Any CPU
	EndGlobalSection
	GlobalSection(SolutionProperties) = preSolution
		HideSolutionNode = FALSE
	EndGlobalSection
	GlobalSection(ExtensibilityGlobals) = postSolution
		SolutionGuid = {AAB69EDE-2A14-4AC7-9F44-C3D8EEBA300D}
	EndGlobalSection
EndGlobal
