
Microsoft Visual Studio Solution File, Format Version 12.00
# Visual Studio Version 17
VisualStudioVersion = 17.9.34728.123
MinimumVisualStudioVersion = 10.0.40219.1
Project("{FAE04EC0-301F-11D3-BF4B-00C04F79EFBC}") = "Bookstore.Client", "Bookstore.Client\Bookstore.Client.csproj", "{762CA299-FF4C-4B99-98C3-843D84F65BF6}"
EndProject
Global
	GlobalSection(SolutionConfigurationPlatforms) = preSolution
		Debug|Any CPU = Debug|Any CPU
		Release|Any CPU = Release|Any CPU
	EndGlobalSection
	GlobalSection(ProjectConfigurationPlatforms) = postSolution
		{762CA299-FF4C-4B99-98C3-843D84F65BF6}.Debug|Any CPU.ActiveCfg = Debug|Any CPU
		{762CA299-FF4C-4B99-98C3-843D84F65BF6}.Debug|Any CPU.Build.0 = Debug|Any CPU
		{762CA299-FF4C-4B99-98C3-843D84F65BF6}.Release|Any CPU.ActiveCfg = Release|Any CPU
		{762CA299-FF4C-4B99-98C3-843D84F65BF6}.Release|Any CPU.Build.0 = Release|Any CPU
	EndGlobalSection
	GlobalSection(SolutionProperties) = preSolution
		HideSolutionNode = FALSE
	EndGlobalSection
	GlobalSection(ExtensibilityGlobals) = postSolution
		SolutionGuid = {32F3A744-C85E-4FE9-9232-B231D6B08BE7}
	EndGlobalSection
EndGlobal
