
Microsoft Visual Studio Solution File, Format Version 12.00
# Visual Studio Version 17
VisualStudioVersion = 17.14.36414.22 d17.14
MinimumVisualStudioVersion = 10.0.40219.1
Project("{FAE04EC0-301F-11D3-BF4B-00C04F79EFBC}") = "WpfApp1", "WpfApp1.csproj", "{F1BEC666-A31D-469B-835F-EA1764C4CAD2}"
EndProject
Global
	GlobalSection(SolutionConfigurationPlatforms) = preSolution
		Debug|Any CPU = Debug|Any CPU
		Release|Any CPU = Release|Any CPU
	EndGlobalSection
	GlobalSection(ProjectConfigurationPlatforms) = postSolution
		{F1BEC666-A31D-469B-835F-EA1764C4CAD2}.Debug|Any CPU.ActiveCfg = Debug|Any CPU
		{F1BEC666-A31D-469B-835F-EA1764C4CAD2}.Debug|Any CPU.Build.0 = Debug|Any CPU
		{F1BEC666-A31D-469B-835F-EA1764C4CAD2}.Release|Any CPU.ActiveCfg = Release|Any CPU
		{F1BEC666-A31D-469B-835F-EA1764C4CAD2}.Release|Any CPU.Build.0 = Release|Any CPU
	EndGlobalSection
	GlobalSection(SolutionProperties) = preSolution
		HideSolutionNode = FALSE
	EndGlobalSection
	GlobalSection(ExtensibilityGlobals) = postSolution
		SolutionGuid = {5F995A06-B1CB-475B-8C2E-4E478760583D}
	EndGlobalSection
EndGlobal
