
Microsoft Visual Studio Solution File, Format Version 12.00
# Visual Studio Version 17
VisualStudioVersion = 17.9.34701.34
MinimumVisualStudioVersion = 10.0.40219.1
Project("{FAE04EC0-301F-11D3-BF4B-00C04F79EFBC}") = "ExpressionExample", "ExpressionExample\ExpressionExample.csproj", "{34BD6717-9E11-4A60-9FFD-8499C6A99FC8}"
EndProject
Global
	GlobalSection(SolutionConfigurationPlatforms) = preSolution
		Debug|Any CPU = Debug|Any CPU
		Release|Any CPU = Release|Any CPU
	EndGlobalSection
	GlobalSection(ProjectConfigurationPlatforms) = postSolution
		{34BD6717-9E11-4A60-9FFD-8499C6A99FC8}.Debug|Any CPU.ActiveCfg = Debug|Any CPU
		{34BD6717-9E11-4A60-9FFD-8499C6A99FC8}.Debug|Any CPU.Build.0 = Debug|Any CPU
		{34BD6717-9E11-4A60-9FFD-8499C6A99FC8}.Release|Any CPU.ActiveCfg = Release|Any CPU
		{34BD6717-9E11-4A60-9FFD-8499C6A99FC8}.Release|Any CPU.Build.0 = Release|Any CPU
	EndGlobalSection
	GlobalSection(SolutionProperties) = preSolution
		HideSolutionNode = FALSE
	EndGlobalSection
	GlobalSection(ExtensibilityGlobals) = postSolution
		SolutionGuid = {C1EE8C37-D86D-4E18-916B-DCD8B1CE1DAB}
	EndGlobalSection
EndGlobal
