
Microsoft Visual Studio Solution File, Format Version 12.00
# Visual Studio Version 17
VisualStudioVersion = 17.9.34622.214
MinimumVisualStudioVersion = 10.0.40219.1
Project("{FAE04EC0-301F-11D3-BF4B-00C04F79EFBC}") = "SuperCalculate", "SuperCalculate\SuperCalculate.csproj", "{17C1EEF1-3658-465B-99EF-6A77EB125558}"
EndProject
Global
	GlobalSection(SolutionConfigurationPlatforms) = preSolution
		Debug|Any CPU = Debug|Any CPU
		Release|Any CPU = Release|Any CPU
	EndGlobalSection
	GlobalSection(ProjectConfigurationPlatforms) = postSolution
		{17C1EEF1-3658-465B-99EF-6A77EB125558}.Debug|Any CPU.ActiveCfg = Debug|Any CPU
		{17C1EEF1-3658-465B-99EF-6A77EB125558}.Debug|Any CPU.Build.0 = Debug|Any CPU
		{17C1EEF1-3658-465B-99EF-6A77EB125558}.Release|Any CPU.ActiveCfg = Release|Any CPU
		{17C1EEF1-3658-465B-99EF-6A77EB125558}.Release|Any CPU.Build.0 = Release|Any CPU
	EndGlobalSection
	GlobalSection(SolutionProperties) = preSolution
		HideSolutionNode = FALSE
	EndGlobalSection
	GlobalSection(ExtensibilityGlobals) = postSolution
		SolutionGuid = {1F3DF35F-F2FA-4795-A479-6342ADEB3721}
	EndGlobalSection
EndGlobal
