
Microsoft Visual Studio Solution File, Format Version 12.00
# Visual Studio Version 17
VisualStudioVersion = 17.9.34622.214
MinimumVisualStudioVersion = 10.0.40219.1
Project("{FAE04EC0-301F-11D3-BF4B-00C04F79EFBC}") = "MethodSample", "MethodSample\MethodSample.csproj", "{D859314F-8CB2-48D5-9C77-A25991EE5584}"
EndProject
Global
	GlobalSection(SolutionConfigurationPlatforms) = preSolution
		Debug|Any CPU = Debug|Any CPU
		Release|Any CPU = Release|Any CPU
	EndGlobalSection
	GlobalSection(ProjectConfigurationPlatforms) = postSolution
		{D859314F-8CB2-48D5-9C77-A25991EE5584}.Debug|Any CPU.ActiveCfg = Debug|Any CPU
		{D859314F-8CB2-48D5-9C77-A25991EE5584}.Debug|Any CPU.Build.0 = Debug|Any CPU
		{D859314F-8CB2-48D5-9C77-A25991EE5584}.Release|Any CPU.ActiveCfg = Release|Any CPU
		{D859314F-8CB2-48D5-9C77-A25991EE5584}.Release|Any CPU.Build.0 = Release|Any CPU
	EndGlobalSection
	GlobalSection(SolutionProperties) = preSolution
		HideSolutionNode = FALSE
	EndGlobalSection
	GlobalSection(ExtensibilityGlobals) = postSolution
		SolutionGuid = {F1215E9E-8C3F-4FE9-8295-02A56ACB80B8}
	EndGlobalSection
EndGlobal
